
Microsoft Visual Studio Solution File, Format Version 12.00
# Visual Studio Version 17
VisualStudioVersion = 17.5.002.0
MinimumVisualStudioVersion = 10.0.40219.1
Project("{9A19103F-16F7-4668-BE54-9A1E7A4F7556}") = "Task00", "Task00\Task00.csproj", "{01AB64FC-410C-41F4-8761-2D116E7DFCC6}"
EndProject
Project("{9A19103F-16F7-4668-BE54-9A1E7A4F7556}") = "Task01", "Task01\Task01.csproj", "{44E0E701-92F5-4F0A-9BA6-7AD85A375008}"
EndProject
Project("{9A19103F-16F7-4668-BE54-9A1E7A4F7556}") = "1", "Task02\1.csproj", "{99059688-0DC6-448C-80D8-3BBF2EBEA7CD}"
EndProject
Project("{9A19103F-16F7-4668-BE54-9A1E7A4F7556}") = "Task03", "Task03\Task03.csproj", "{4568DBE1-AD61-4D2F-B34C-AB21A209C593}"
EndProject
Project("{9A19103F-16F7-4668-BE54-9A1E7A4F7556}") = "2", "Task04\2.csproj", "{533076CC-34CA-47CB-A1B1-A85AC870A6C2}"
EndProject
Project("{9A19103F-16F7-4668-BE54-9A1E7A4F7556}") = "Task05", "Task05\Task05.csproj", "{714818E5-DC90-4145-ABA9-B15443682B2F}"
EndProject
Project("{9A19103F-16F7-4668-BE54-9A1E7A4F7556}") = "3", "Task06\3.csproj", "{7BC236E0-10CF-45F8-8B0F-8AE8F714F57F}"
EndProject
Project("{9A19103F-16F7-4668-BE54-9A1E7A4F7556}") = "Task07", "Task07\Task07.csproj", "{D93CB466-F93E-4C62-BFB1-1762706B2FB7}"
EndProject
Project("{9A19103F-16F7-4668-BE54-9A1E7A4F7556}") = "4.1", "Task08\4.1.csproj", "{C87E077A-520D-4442-B3D8-1F9E70E2B6A3}"
EndProject
Project("{9A19103F-16F7-4668-BE54-9A1E7A4F7556}") = "Task09", "Task09\Task09.csproj", "{40D8FC60-9DAD-41C7-8EB2-C57D4997A04B}"
EndProject
Project("{9A19103F-16F7-4668-BE54-9A1E7A4F7556}") = "Task10", "Task10\Task10.csproj", "{AD77F535-94DA-4102-B3FB-81C818D32332}"
EndProject
Project("{9A19103F-16F7-4668-BE54-9A1E7A4F7556}") = "Task11", "Task11\Task11.csproj", "{70203AB3-5401-4C48-B819-2284439B8697}"
EndProject
Project("{9A19103F-16F7-4668-BE54-9A1E7A4F7556}") = "Task12", "Task12\Task12.csproj", "{3C82CBBC-CEE7-4C49-9CC1-98DEBB289D85}"
EndProject
Project("{9A19103F-16F7-4668-BE54-9A1E7A4F7556}") = "Task13", "Task13\Task13.csproj", "{57376C69-FCD3-468C-A281-E91CA0152984}"
EndProject
Project("{9A19103F-16F7-4668-BE54-9A1E7A4F7556}") = "Task14", "Task14\Task14.csproj", "{6045FED2-DAFC-4AB2-8E38-CE5987B90BD4}"
EndProject
Project("{9A19103F-16F7-4668-BE54-9A1E7A4F7556}") = "Task15", "Task15\Task15.csproj", "{CA27719C-0542-4534-A445-EAC1E1739AD0}"
EndProject
Project("{9A19103F-16F7-4668-BE54-9A1E7A4F7556}") = "Task16", "Task16\Task16.csproj", "{746CA892-8536-4B57-B4AC-C84539D0C386}"
EndProject
Project("{9A19103F-16F7-4668-BE54-9A1E7A4F7556}") = "Task17", "Task17\Task17.csproj", "{E214E6CF-5A00-4ABC-B67E-66A56C37372B}"
EndProject
Project("{9A19103F-16F7-4668-BE54-9A1E7A4F7556}") = "Task18", "Task18\Task18.csproj", "{231C03E4-56F9-4328-B035-E9AD3CB61157}"
EndProject
Project("{9A19103F-16F7-4668-BE54-9A1E7A4F7556}") = "Task20", "Task20\Task20.csproj", "{8255BDA7-AA60-436E-9930-454ADA9585EA}"
EndProject
Project("{9A19103F-16F7-4668-BE54-9A1E7A4F7556}") = "Task22", "Task22\Task22.csproj", "{908F80EE-857E-48BC-A431-7B868CF0DC73}"
EndProject
Global
	GlobalSection(SolutionConfigurationPlatforms) = preSolution
		Debug|Any CPU = Debug|Any CPU
		Release|Any CPU = Release|Any CPU
	EndGlobalSection
	GlobalSection(ProjectConfigurationPlatforms) = postSolution
		{01AB64FC-410C-41F4-8761-2D116E7DFCC6}.Debug|Any CPU.ActiveCfg = Debug|Any CPU
		{01AB64FC-410C-41F4-8761-2D116E7DFCC6}.Debug|Any CPU.Build.0 = Debug|Any CPU
		{01AB64FC-410C-41F4-8761-2D116E7DFCC6}.Release|Any CPU.ActiveCfg = Release|Any CPU
		{01AB64FC-410C-41F4-8761-2D116E7DFCC6}.Release|Any CPU.Build.0 = Release|Any CPU
		{44E0E701-92F5-4F0A-9BA6-7AD85A375008}.Debug|Any CPU.ActiveCfg = Debug|Any CPU
		{44E0E701-92F5-4F0A-9BA6-7AD85A375008}.Debug|Any CPU.Build.0 = Debug|Any CPU
		{44E0E701-92F5-4F0A-9BA6-7AD85A375008}.Release|Any CPU.ActiveCfg = Release|Any CPU
		{44E0E701-92F5-4F0A-9BA6-7AD85A375008}.Release|Any CPU.Build.0 = Release|Any CPU
		{99059688-0DC6-448C-80D8-3BBF2EBEA7CD}.Debug|Any CPU.ActiveCfg = Debug|Any CPU
		{99059688-0DC6-448C-80D8-3BBF2EBEA7CD}.Debug|Any CPU.Build.0 = Debug|Any CPU
		{99059688-0DC6-448C-80D8-3BBF2EBEA7CD}.Release|Any CPU.ActiveCfg = Release|Any CPU
		{99059688-0DC6-448C-80D8-3BBF2EBEA7CD}.Release|Any CPU.Build.0 = Release|Any CPU
		{4568DBE1-AD61-4D2F-B34C-AB21A209C593}.Debug|Any CPU.ActiveCfg = Debug|Any CPU
		{4568DBE1-AD61-4D2F-B34C-AB21A209C593}.Debug|Any CPU.Build.0 = Debug|Any CPU
		{4568DBE1-AD61-4D2F-B34C-AB21A209C593}.Release|Any CPU.ActiveCfg = Release|Any CPU
		{4568DBE1-AD61-4D2F-B34C-AB21A209C593}.Release|Any CPU.Build.0 = Release|Any CPU
		{533076CC-34CA-47CB-A1B1-A85AC870A6C2}.Debug|Any CPU.ActiveCfg = Debug|Any CPU
		{533076CC-34CA-47CB-A1B1-A85AC870A6C2}.Debug|Any CPU.Build.0 = Debug|Any CPU
		{533076CC-34CA-47CB-A1B1-A85AC870A6C2}.Release|Any CPU.ActiveCfg = Release|Any CPU
		{533076CC-34CA-47CB-A1B1-A85AC870A6C2}.Release|Any CPU.Build.0 = Release|Any CPU
		{714818E5-DC90-4145-ABA9-B15443682B2F}.Debug|Any CPU.ActiveCfg = Debug|Any CPU
		{714818E5-DC90-4145-ABA9-B15443682B2F}.Debug|Any CPU.Build.0 = Debug|Any CPU
		{714818E5-DC90-4145-ABA9-B15443682B2F}.Release|Any CPU.ActiveCfg = Release|Any CPU
		{714818E5-DC90-4145-ABA9-B15443682B2F}.Release|Any CPU.Build.0 = Release|Any CPU
		{7BC236E0-10CF-45F8-8B0F-8AE8F714F57F}.Debug|Any CPU.ActiveCfg = Debug|Any CPU
		{7BC236E0-10CF-45F8-8B0F-8AE8F714F57F}.Debug|Any CPU.Build.0 = Debug|Any CPU
		{7BC236E0-10CF-45F8-8B0F-8AE8F714F57F}.Release|Any CPU.ActiveCfg = Release|Any CPU
		{7BC236E0-10CF-45F8-8B0F-8AE8F714F57F}.Release|Any CPU.Build.0 = Release|Any CPU
		{D93CB466-F93E-4C62-BFB1-1762706B2FB7}.Debug|Any CPU.ActiveCfg = Debug|Any CPU
		{D93CB466-F93E-4C62-BFB1-1762706B2FB7}.Debug|Any CPU.Build.0 = Debug|Any CPU
		{D93CB466-F93E-4C62-BFB1-1762706B2FB7}.Release|Any CPU.ActiveCfg = Release|Any CPU
		{D93CB466-F93E-4C62-BFB1-1762706B2FB7}.Release|Any CPU.Build.0 = Release|Any CPU
		{C87E077A-520D-4442-B3D8-1F9E70E2B6A3}.Debug|Any CPU.ActiveCfg = Debug|Any CPU
		{C87E077A-520D-4442-B3D8-1F9E70E2B6A3}.Debug|Any CPU.Build.0 = Debug|Any CPU
		{C87E077A-520D-4442-B3D8-1F9E70E2B6A3}.Release|Any CPU.ActiveCfg = Release|Any CPU
		{C87E077A-520D-4442-B3D8-1F9E70E2B6A3}.Release|Any CPU.Build.0 = Release|Any CPU
		{40D8FC60-9DAD-41C7-8EB2-C57D4997A04B}.Debug|Any CPU.ActiveCfg = Debug|Any CPU
		{40D8FC60-9DAD-41C7-8EB2-C57D4997A04B}.Debug|Any CPU.Build.0 = Debug|Any CPU
		{40D8FC60-9DAD-41C7-8EB2-C57D4997A04B}.Release|Any CPU.ActiveCfg = Release|Any CPU
		{40D8FC60-9DAD-41C7-8EB2-C57D4997A04B}.Release|Any CPU.Build.0 = Release|Any CPU
		{AD77F535-94DA-4102-B3FB-81C818D32332}.Debug|Any CPU.ActiveCfg = Debug|Any CPU
		{AD77F535-94DA-4102-B3FB-81C818D32332}.Debug|Any CPU.Build.0 = Debug|Any CPU
		{AD77F535-94DA-4102-B3FB-81C818D32332}.Release|Any CPU.ActiveCfg = Release|Any CPU
		{AD77F535-94DA-4102-B3FB-81C818D32332}.Release|Any CPU.Build.0 = Release|Any CPU
		{70203AB3-5401-4C48-B819-2284439B8697}.Debug|Any CPU.ActiveCfg = Debug|Any CPU
		{70203AB3-5401-4C48-B819-2284439B8697}.Debug|Any CPU.Build.0 = Debug|Any CPU
		{70203AB3-5401-4C48-B819-2284439B8697}.Release|Any CPU.ActiveCfg = Release|Any CPU
		{70203AB3-5401-4C48-B819-2284439B8697}.Release|Any CPU.Build.0 = Release|Any CPU
		{3C82CBBC-CEE7-4C49-9CC1-98DEBB289D85}.Debug|Any CPU.ActiveCfg = Debug|Any CPU
		{3C82CBBC-CEE7-4C49-9CC1-98DEBB289D85}.Debug|Any CPU.Build.0 = Debug|Any CPU
		{3C82CBBC-CEE7-4C49-9CC1-98DEBB289D85}.Release|Any CPU.ActiveCfg = Release|Any CPU
		{3C82CBBC-CEE7-4C49-9CC1-98DEBB289D85}.Release|Any CPU.Build.0 = Release|Any CPU
		{57376C69-FCD3-468C-A281-E91CA0152984}.Debug|Any CPU.ActiveCfg = Debug|Any CPU
		{57376C69-FCD3-468C-A281-E91CA0152984}.Debug|Any CPU.Build.0 = Debug|Any CPU
		{57376C69-FCD3-468C-A281-E91CA0152984}.Release|Any CPU.ActiveCfg = Release|Any CPU
		{57376C69-FCD3-468C-A281-E91CA0152984}.Release|Any CPU.Build.0 = Release|Any CPU
		{6045FED2-DAFC-4AB2-8E38-CE5987B90BD4}.Debug|Any CPU.ActiveCfg = Debug|Any CPU
		{6045FED2-DAFC-4AB2-8E38-CE5987B90BD4}.Debug|Any CPU.Build.0 = Debug|Any CPU
		{6045FED2-DAFC-4AB2-8E38-CE5987B90BD4}.Release|Any CPU.ActiveCfg = Release|Any CPU
		{6045FED2-DAFC-4AB2-8E38-CE5987B90BD4}.Release|Any CPU.Build.0 = Release|Any CPU
		{CA27719C-0542-4534-A445-EAC1E1739AD0}.Debug|Any CPU.ActiveCfg = Debug|Any CPU
		{CA27719C-0542-4534-A445-EAC1E1739AD0}.Debug|Any CPU.Build.0 = Debug|Any CPU
		{CA27719C-0542-4534-A445-EAC1E1739AD0}.Release|Any CPU.ActiveCfg = Release|Any CPU
		{CA27719C-0542-4534-A445-EAC1E1739AD0}.Release|Any CPU.Build.0 = Release|Any CPU
		{746CA892-8536-4B57-B4AC-C84539D0C386}.Debug|Any CPU.ActiveCfg = Debug|Any CPU
		{746CA892-8536-4B57-B4AC-C84539D0C386}.Debug|Any CPU.Build.0 = Debug|Any CPU
		{746CA892-8536-4B57-B4AC-C84539D0C386}.Release|Any CPU.ActiveCfg = Release|Any CPU
		{746CA892-8536-4B57-B4AC-C84539D0C386}.Release|Any CPU.Build.0 = Release|Any CPU
		{E214E6CF-5A00-4ABC-B67E-66A56C37372B}.Debug|Any CPU.ActiveCfg = Debug|Any CPU
		{E214E6CF-5A00-4ABC-B67E-66A56C37372B}.Debug|Any CPU.Build.0 = Debug|Any CPU
		{E214E6CF-5A00-4ABC-B67E-66A56C37372B}.Release|Any CPU.ActiveCfg = Release|Any CPU
		{E214E6CF-5A00-4ABC-B67E-66A56C37372B}.Release|Any CPU.Build.0 = Release|Any CPU
		{231C03E4-56F9-4328-B035-E9AD3CB61157}.Debug|Any CPU.ActiveCfg = Debug|Any CPU
		{231C03E4-56F9-4328-B035-E9AD3CB61157}.Debug|Any CPU.Build.0 = Debug|Any CPU
		{231C03E4-56F9-4328-B035-E9AD3CB61157}.Release|Any CPU.ActiveCfg = Release|Any CPU
		{231C03E4-56F9-4328-B035-E9AD3CB61157}.Release|Any CPU.Build.0 = Release|Any CPU
		{8255BDA7-AA60-436E-9930-454ADA9585EA}.Debug|Any CPU.ActiveCfg = Debug|Any CPU
		{8255BDA7-AA60-436E-9930-454ADA9585EA}.Debug|Any CPU.Build.0 = Debug|Any CPU
		{8255BDA7-AA60-436E-9930-454ADA9585EA}.Release|Any CPU.ActiveCfg = Release|Any CPU
		{8255BDA7-AA60-436E-9930-454ADA9585EA}.Release|Any CPU.Build.0 = Release|Any CPU
		{908F80EE-857E-48BC-A431-7B868CF0DC73}.Debug|Any CPU.ActiveCfg = Debug|Any CPU
		{908F80EE-857E-48BC-A431-7B868CF0DC73}.Debug|Any CPU.Build.0 = Debug|Any CPU
		{908F80EE-857E-48BC-A431-7B868CF0DC73}.Release|Any CPU.ActiveCfg = Release|Any CPU
		{908F80EE-857E-48BC-A431-7B868CF0DC73}.Release|Any CPU.Build.0 = Release|Any CPU
	EndGlobalSection
	GlobalSection(SolutionProperties) = preSolution
		HideSolutionNode = FALSE
	EndGlobalSection
	GlobalSection(ExtensibilityGlobals) = postSolution
		SolutionGuid = {B35873DB-3CD5-4D78-8989-2F8318FA17C0}
	EndGlobalSection
EndGlobal
